
Microsoft Visual Studio Solution File, Format Version 12.00
# Visual Studio Version 16
VisualStudioVersion = 16.0.30621.155
MinimumVisualStudioVersion = 10.0.40219.1
Project("{FAE04EC0-301F-11D3-BF4B-00C04F79EFBC}") = "ProjetEspionReporting", "ProjetEspionReporting\ProjetEspionReporting.csproj", "{6A4E62F6-563C-49FB-AE33-2B58B4B6E699}"
EndProject
Project("{FAE04EC0-301F-11D3-BF4B-00C04F79EFBC}") = "ProjetEspionKeyLogger", "ProjetEspionKeyLogger\ProjetEspionKeyLogger.csproj", "{106B6293-9F13-4F11-8934-EC6F6A8A336A}"
EndProject
Global
	GlobalSection(SolutionConfigurationPlatforms) = preSolution
		Debug|Any CPU = Debug|Any CPU
		Release|Any CPU = Release|Any CPU
	EndGlobalSection
	GlobalSection(ProjectConfigurationPlatforms) = postSolution
		{6A4E62F6-563C-49FB-AE33-2B58B4B6E699}.Debug|Any CPU.ActiveCfg = Debug|Any CPU
		{6A4E62F6-563C-49FB-AE33-2B58B4B6E699}.Debug|Any CPU.Build.0 = Debug|Any CPU
		{6A4E62F6-563C-49FB-AE33-2B58B4B6E699}.Release|Any CPU.ActiveCfg = Release|Any CPU
		{6A4E62F6-563C-49FB-AE33-2B58B4B6E699}.Release|Any CPU.Build.0 = Release|Any CPU
		{106B6293-9F13-4F11-8934-EC6F6A8A336A}.Debug|Any CPU.ActiveCfg = Debug|Any CPU
		{106B6293-9F13-4F11-8934-EC6F6A8A336A}.Debug|Any CPU.Build.0 = Debug|Any CPU
		{106B6293-9F13-4F11-8934-EC6F6A8A336A}.Release|Any CPU.ActiveCfg = Release|Any CPU
		{106B6293-9F13-4F11-8934-EC6F6A8A336A}.Release|Any CPU.Build.0 = Release|Any CPU
	EndGlobalSection
	GlobalSection(SolutionProperties) = preSolution
		HideSolutionNode = FALSE
	EndGlobalSection
	GlobalSection(ExtensibilityGlobals) = postSolution
		SolutionGuid = {A76FB536-4180-4E24-AF32-137586F6B02F}
	EndGlobalSection
EndGlobal
